# This file is autogenerated, do not edit; changes may be undone by the next 'dep ensure'.


[[projects]]
  digest = "1:38ec74012390146c45af1f92d46e5382b50531247929ff3a685d2b2be65155ac"
  name = "github.com/gomodule/redigo"
  packages = [
    "internal",
    "redis",
  ]
  pruneopts = "UT"
  revision = "9c11da706d9b7902c6da69c592f75637793fe121"
  version = "v2.0.0"

[[projects]]
  digest = "1:e55506f8670236cf09b6b65cda7d6afa403233a5b75397dfcba3555e484e4b18"
  name = "github.com/labstack/echo"
  packages = ["."]
  pruneopts = "UT"
  revision = "c7eb8da9ec73e78c4f38413f3f835e0cd52c7d72"
  version = "v3.3.8"

[[projects]]
  digest = "1:01eb0269028d3c2e21b5b6cd9b1ba81bc4170ab293fcffa84e3aa3a6138a92e8"
  name = "github.com/labstack/gommon"
  packages = [
    "color",
    "log",
  ]
  pruneopts = "UT"
  revision = "7fd9f68ece0bcb1a905fac8f1549f0083f71c51b"
  version = "v0.2.8"

[[projects]]
  digest = "1:c658e84ad3916da105a761660dcaeb01e63416c8ec7bc62256a9b411a05fcd67"
  name = "github.com/mattn/go-colorable"
  packages = ["."]
  pruneopts = "UT"
  revision = "167de6bfdfba052fa6b2d3664c8f5272e23c9072"
  version = "v0.0.9"

[[projects]]
  digest = "1:0981502f9816113c9c8c4ac301583841855c8cf4da8c72f696b3ebedf6d0e4e5"
  name = "github.com/mattn/go-isatty"
  packages = ["."]
  pruneopts = "UT"
  revision = "6ca4dbf54d38eea1a992b3c722a76a5d1c4cb25c"
  version = "v0.0.4"

[[projects]]
  digest = "1:2cab41f59638fdb77dda96ab4f9b5860ef30f48967557254eba127e43c756f2e"
  name = "github.com/tidwall/gjson"
  packages = ["."]
  pruneopts = "UT"
  revision = "1e3f6aeaa5bad08d777ea7807b279a07885dd8b2"
  version = "v1.1.3"

[[projects]]
  digest = "1:d3f968e2a2c9f8506ed44b01b605ade0176ba6cf73ff679073e77cfdef2c0d55"
  name = "github.com/tidwall/match"
  packages = ["."]
  pruneopts = "UT"
  revision = "1731857f09b1f38450e2c12409748407822dc6be"
  version = "v1.0.0"

[[projects]]
  digest = "1:ea8da5f44f5e15bb589cca1bd9b85ceb9c05257e83824a725fb0243665e3ce1c"
  name = "github.com/tidwall/sjson"
  packages = ["."]
  pruneopts = "UT"
  revision = "c943cc8c8d751d9b33444adf78ae04c2fc8be754"
  version = "v1.0.3"

[[projects]]
  branch = "master"
  digest = "1:1554ad283f0d88643cb7e9e4f1e74132ae2f5120522f4febdc2f220a92ded14d"
  name = "github.com/tile38/tile38-cloud-common"
  packages = [
    ".",
    "tile38",
  ]
  pruneopts = "UT"
  revision = "b2b58d08c0a4eb2485a0d3ffd86d1f337da75aa8"

[[projects]]
  digest = "1:c468422f334a6b46a19448ad59aaffdfc0a36b08fdcc1c749a0b29b6453d7e59"
  name = "github.com/valyala/bytebufferpool"
  packages = ["."]
  pruneopts = "UT"
  revision = "e746df99fe4a3986f4d4f79e13c1e0117ce9c2f7"
  version = "v1.0.0"

[[projects]]
  branch = "master"
  digest = "1:268b8bce0064e8c057d7b913605459f9a26dcab864c0886a56d196540fbf003f"
  name = "github.com/valyala/fasttemplate"
  packages = ["."]
  pruneopts = "UT"
  revision = "dcecefd839c4193db0d35b88ec65b4c12d360ab0"

[[projects]]
  branch = "master"
  digest = "1:e3d2db9bc633f4635e6418caf0b0734c43821ecd59105d1798458c6ae4d227fd"
  name = "golang.org/x/crypto"
  packages = [
    "acme",
    "acme/autocert",
  ]
  pruneopts = "UT"
  revision = "eb0de9b17e854e9b1ccd9963efafc79862359959"

[[projects]]
  branch = "master"
  digest = "1:225564f71149334315118db714e1ea87513e4a11cf4acb27e26bc7577cebfa0b"
  name = "golang.org/x/sys"
  packages = ["unix"]
  pruneopts = "UT"
  revision = "62eef0e2fa9b2c385f7b2778e763486da6880d37"

[solve-meta]
  analyzer-name = "dep"
  analyzer-version = 1
  input-imports = [
    "github.com/labstack/echo",
    "github.com/tidwall/gjson",
    "github.com/tile38/tile38-cloud-common",
    "github.com/tile38/tile38-cloud-common/tile38",
  ]
  solver-name = "gps-cdcl"
  solver-version = 1
